// !$*UTF8*$!
{
	archiveVersion = 1;
	classes = {
	};
	objectVersion = 50;
	objects = {

/* Begin PBXBuildFile section */
		CF7A4E7126A045840047523E /* AllFriendsViewController.swift in Sources */ = {isa = PBXBuildFile; fileRef = CF7A4E7026A045840047523E /* AllFriendsViewController.swift */; };
		CF7A4E7426A08E470047523E /* PhotoViewController.swift in Sources */ = {isa = PBXBuildFile; fileRef = CF7A4E7326A08E470047523E /* PhotoViewController.swift */; };
		CF7A4E7626A097370047523E /* PhotoCollectionViewCell.swift in Sources */ = {isa = PBXBuildFile; fileRef = CF7A4E7526A097370047523E /* PhotoCollectionViewCell.swift */; };
		CF7A4E7C26A2820C0047523E /* LikeControl.swift in Sources */ = {isa = PBXBuildFile; fileRef = CF7A4E7B26A2820C0047523E /* LikeControl.swift */; };
		CF7B5AEC269796EC00B63D6B /* AppDelegate.swift in Sources */ = {isa = PBXBuildFile; fileRef = CF7B5AEB269796EC00B63D6B /* AppDelegate.swift */; };
		CF7B5AEE269796EC00B63D6B /* SceneDelegate.swift in Sources */ = {isa = PBXBuildFile; fileRef = CF7B5AED269796EC00B63D6B /* SceneDelegate.swift */; };
		CF7B5AF3269796ED00B63D6B /* Main.storyboard in Resources */ = {isa = PBXBuildFile; fileRef = CF7B5AF1269796ED00B63D6B /* Main.storyboard */; };
		CF7B5AF5269796F300B63D6B /* Assets.xcassets in Resources */ = {isa = PBXBuildFile; fileRef = CF7B5AF4269796F300B63D6B /* Assets.xcassets */; };
		CF7B5AF8269796F300B63D6B /* LaunchScreen.storyboard in Resources */ = {isa = PBXBuildFile; fileRef = CF7B5AF6269796F300B63D6B /* LaunchScreen.storyboard */; };
		CF7B5B052697980B00B63D6B /* LoginViewController.swift in Sources */ = {isa = PBXBuildFile; fileRef = CF7B5B042697980B00B63D6B /* LoginViewController.swift */; };
		CF7B5B0926980A9900B63D6B /* FavouriteGroupViewController.swift in Sources */ = {isa = PBXBuildFile; fileRef = CF7B5B0826980A9800B63D6B /* FavouriteGroupViewController.swift */; };
		CF7B5B44269A29D900B63D6B /* GroupModel.swift in Sources */ = {isa = PBXBuildFile; fileRef = CF7B5B43269A29D900B63D6B /* GroupModel.swift */; };
		CF7B5B48269A345400B63D6B /* PeopleModel.swift in Sources */ = {isa = PBXBuildFile; fileRef = CF7B5B47269A345400B63D6B /* PeopleModel.swift */; };
		CF7B5B4B269A3D6A00B63D6B /* GroupStorage.swift in Sources */ = {isa = PBXBuildFile; fileRef = CF7B5B4A269A3D6A00B63D6B /* GroupStorage.swift */; };
		CF7B5B4D269AAB6900B63D6B /* GroupTableViewCell.swift in Sources */ = {isa = PBXBuildFile; fileRef = CF7B5B4C269AAB6800B63D6B /* GroupTableViewCell.swift */; };
		CF7B5B50269AE57400B63D6B /* AllGroupsViewController.swift in Sources */ = {isa = PBXBuildFile; fileRef = CF7B5B4F269AE57300B63D6B /* AllGroupsViewController.swift */; };
		CF7B5B53269B024D00B63D6B /* PeopleViewController.swift in Sources */ = {isa = PBXBuildFile; fileRef = CF7B5B52269B024D00B63D6B /* PeopleViewController.swift */; };
		CF7B5B55269B15CF00B63D6B /* PeopleCollectionViewCell.swift in Sources */ = {isa = PBXBuildFile; fileRef = CF7B5B54269B15CF00B63D6B /* PeopleCollectionViewCell.swift */; };
		CF7B5B65269F27C600B63D6B /* FavouriteFriendViewController.swift in Sources */ = {isa = PBXBuildFile; fileRef = CF7B5B64269F27C600B63D6B /* FavouriteFriendViewController.swift */; };
		CF7B5B67269FF16C00B63D6B /* FriendModel.swift in Sources */ = {isa = PBXBuildFile; fileRef = CF7B5B66269FF16B00B63D6B /* FriendModel.swift */; };
		CF7B5B69269FF2C000B63D6B /* PhotoModel.swift in Sources */ = {isa = PBXBuildFile; fileRef = CF7B5B68269FF2C000B63D6B /* PhotoModel.swift */; };
		CF7B5B6B269FF58000B63D6B /* FriendStorage.swift in Sources */ = {isa = PBXBuildFile; fileRef = CF7B5B6A269FF58000B63D6B /* FriendStorage.swift */; };
		CF7B5B6D26A0190900B63D6B /* FriendTableViewCell.swift in Sources */ = {isa = PBXBuildFile; fileRef = CF7B5B6C26A0190900B63D6B /* FriendTableViewCell.swift */; };
/* End PBXBuildFile section */

/* Begin PBXFileReference section */
		CF7A4E7026A045840047523E /* AllFriendsViewController.swift */ = {isa = PBXFileReference; lastKnownFileType = sourcecode.swift; path = AllFriendsViewController.swift; sourceTree = "<group>"; };
		CF7A4E7326A08E470047523E /* PhotoViewController.swift */ = {isa = PBXFileReference; lastKnownFileType = sourcecode.swift; path = PhotoViewController.swift; sourceTree = "<group>"; };
		CF7A4E7526A097370047523E /* PhotoCollectionViewCell.swift */ = {isa = PBXFileReference; lastKnownFileType = sourcecode.swift; path = PhotoCollectionViewCell.swift; sourceTree = "<group>"; };
		CF7A4E7B26A2820C0047523E /* LikeControl.swift */ = {isa = PBXFileReference; lastKnownFileType = sourcecode.swift; path = LikeControl.swift; sourceTree = "<group>"; };
		CF7B5AE8269796EC00B63D6B /* VKontakteApp.app */ = {isa = PBXFileReference; explicitFileType = wrapper.application; includeInIndex = 0; path = VKontakteApp.app; sourceTree = BUILT_PRODUCTS_DIR; };
		CF7B5AEB269796EC00B63D6B /* AppDelegate.swift */ = {isa = PBXFileReference; lastKnownFileType = sourcecode.swift; path = AppDelegate.swift; sourceTree = "<group>"; };
		CF7B5AED269796EC00B63D6B /* SceneDelegate.swift */ = {isa = PBXFileReference; lastKnownFileType = sourcecode.swift; path = SceneDelegate.swift; sourceTree = "<group>"; };
		CF7B5AF2269796ED00B63D6B /* Base */ = {isa = PBXFileReference; lastKnownFileType = file.storyboard; name = Base; path = Base.lproj/Main.storyboard; sourceTree = "<group>"; };
		CF7B5AF4269796F300B63D6B /* Assets.xcassets */ = {isa = PBXFileReference; lastKnownFileType = folder.assetcatalog; path = Assets.xcassets; sourceTree = "<group>"; };
		CF7B5AF7269796F300B63D6B /* Base */ = {isa = PBXFileReference; lastKnownFileType = file.storyboard; name = Base; path = Base.lproj/LaunchScreen.storyboard; sourceTree = "<group>"; };
		CF7B5AF9269796F300B63D6B /* Info.plist */ = {isa = PBXFileReference; lastKnownFileType = text.plist.xml; path = Info.plist; sourceTree = "<group>"; };
		CF7B5B042697980B00B63D6B /* LoginViewController.swift */ = {isa = PBXFileReference; lastKnownFileType = sourcecode.swift; path = LoginViewController.swift; sourceTree = "<group>"; };
		CF7B5B0826980A9800B63D6B /* FavouriteGroupViewController.swift */ = {isa = PBXFileReference; lastKnownFileType = sourcecode.swift; path = FavouriteGroupViewController.swift; sourceTree = "<group>"; };
		CF7B5B43269A29D900B63D6B /* GroupModel.swift */ = {isa = PBXFileReference; lastKnownFileType = sourcecode.swift; path = GroupModel.swift; sourceTree = "<group>"; };
		CF7B5B47269A345400B63D6B /* PeopleModel.swift */ = {isa = PBXFileReference; lastKnownFileType = sourcecode.swift; path = PeopleModel.swift; sourceTree = "<group>"; };
		CF7B5B4A269A3D6A00B63D6B /* GroupStorage.swift */ = {isa = PBXFileReference; lastKnownFileType = sourcecode.swift; path = GroupStorage.swift; sourceTree = "<group>"; };
		CF7B5B4C269AAB6800B63D6B /* GroupTableViewCell.swift */ = {isa = PBXFileReference; lastKnownFileType = sourcecode.swift; path = GroupTableViewCell.swift; sourceTree = "<group>"; };
		CF7B5B4F269AE57300B63D6B /* AllGroupsViewController.swift */ = {isa = PBXFileReference; lastKnownFileType = sourcecode.swift; path = AllGroupsViewController.swift; sourceTree = "<group>"; };
		CF7B5B52269B024D00B63D6B /* PeopleViewController.swift */ = {isa = PBXFileReference; lastKnownFileType = sourcecode.swift; path = PeopleViewController.swift; sourceTree = "<group>"; };
		CF7B5B54269B15CF00B63D6B /* PeopleCollectionViewCell.swift */ = {isa = PBXFileReference; lastKnownFileType = sourcecode.swift; path = PeopleCollectionViewCell.swift; sourceTree = "<group>"; };
		CF7B5B64269F27C600B63D6B /* FavouriteFriendViewController.swift */ = {isa = PBXFileReference; lastKnownFileType = sourcecode.swift; path = FavouriteFriendViewController.swift; sourceTree = "<group>"; };
		CF7B5B66269FF16B00B63D6B /* FriendModel.swift */ = {isa = PBXFileReference; lastKnownFileType = sourcecode.swift; path = FriendModel.swift; sourceTree = "<group>"; };
		CF7B5B68269FF2C000B63D6B /* PhotoModel.swift */ = {isa = PBXFileReference; lastKnownFileType = sourcecode.swift; path = PhotoModel.swift; sourceTree = "<group>"; };
		CF7B5B6A269FF58000B63D6B /* FriendStorage.swift */ = {isa = PBXFileReference; lastKnownFileType = sourcecode.swift; path = FriendStorage.swift; sourceTree = "<group>"; };
		CF7B5B6C26A0190900B63D6B /* FriendTableViewCell.swift */ = {isa = PBXFileReference; lastKnownFileType = sourcecode.swift; path = FriendTableViewCell.swift; sourceTree = "<group>"; };
/* End PBXFileReference section */

/* Begin PBXFrameworksBuildPhase section */
		CF7B5AE5269796EC00B63D6B /* Frameworks */ = {
			isa = PBXFrameworksBuildPhase;
			buildActionMask = 2147483647;
			files = (
			);
			runOnlyForDeploymentPostprocessing = 0;
		};
/* End PBXFrameworksBuildPhase section */

/* Begin PBXGroup section */
		CF7A4E6F26A044D10047523E /* AllFriends */ = {
			isa = PBXGroup;
			children = (
				CF7A4E7026A045840047523E /* AllFriendsViewController.swift */,
			);
			path = AllFriends;
			sourceTree = "<group>";
		};
		CF7A4E7226A08E270047523E /* Photo */ = {
			isa = PBXGroup;
			children = (
				CF7A4E7326A08E470047523E /* PhotoViewController.swift */,
				CF7A4E7526A097370047523E /* PhotoCollectionViewCell.swift */,
			);
			path = Photo;
			sourceTree = "<group>";
		};
		CF7A4E7926A2818B0047523E /* CustomElements */ = {
			isa = PBXGroup;
			children = (
				CF7A4E7A26A281E90047523E /* Controls */,
			);
			path = CustomElements;
			sourceTree = "<group>";
		};
		CF7A4E7A26A281E90047523E /* Controls */ = {
			isa = PBXGroup;
			children = (
				CF7A4E7B26A2820C0047523E /* LikeControl.swift */,
			);
			path = Controls;
			sourceTree = "<group>";
		};
		CF7B5ADF269796EC00B63D6B = {
			isa = PBXGroup;
			children = (
				CF7B5AEA269796EC00B63D6B /* VKontakteApp */,
				CF7B5AE9269796EC00B63D6B /* Products */,
			);
			sourceTree = "<group>";
		};
		CF7B5AE9269796EC00B63D6B /* Products */ = {
			isa = PBXGroup;
			children = (
				CF7B5AE8269796EC00B63D6B /* VKontakteApp.app */,
			);
			name = Products;
			sourceTree = "<group>";
		};
		CF7B5AEA269796EC00B63D6B /* VKontakteApp */ = {
			isa = PBXGroup;
			children = (
				CF7A4E7926A2818B0047523E /* CustomElements */,
				CF7B5B49269A3D2300B63D6B /* Repository */,
				CF7B5B40269A286000B63D6B /* Models */,
				CF7B5AFF2697972F00B63D6B /* AppDelegate */,
				CF7B5AF1269796ED00B63D6B /* Main.storyboard */,
				CF7B5B02269797D500B63D6B /* Presentation */,
				CF7B5B002697975900B63D6B /* Resourses */,
				CF7B5B012697978100B63D6B /* Configuration */,
			);
			path = VKontakteApp;
			sourceTree = "<group>";
		};
		CF7B5AFF2697972F00B63D6B /* AppDelegate */ = {
			isa = PBXGroup;
			children = (
				CF7B5AEB269796EC00B63D6B /* AppDelegate.swift */,
				CF7B5AED269796EC00B63D6B /* SceneDelegate.swift */,
			);
			path = AppDelegate;
			sourceTree = "<group>";
		};
		CF7B5B002697975900B63D6B /* Resourses */ = {
			isa = PBXGroup;
			children = (
				CF7B5AF6269796F300B63D6B /* LaunchScreen.storyboard */,
				CF7B5AF4269796F300B63D6B /* Assets.xcassets */,
			);
			path = Resourses;
			sourceTree = "<group>";
		};
		CF7B5B012697978100B63D6B /* Configuration */ = {
			isa = PBXGroup;
			children = (
				CF7B5AF9269796F300B63D6B /* Info.plist */,
			);
			path = Configuration;
			sourceTree = "<group>";
		};
		CF7B5B02269797D500B63D6B /* Presentation */ = {
			isa = PBXGroup;
			children = (
				CF7A4E7226A08E270047523E /* Photo */,
				CF7B5B62269F26D900B63D6B /* Friend */,
				CF7B5B51269B018900B63D6B /* People */,
				CF7B5B06269809CF00B63D6B /* Group */,
				CF7B5B03269797E800B63D6B /* Login */,
			);
			path = Presentation;
			sourceTree = "<group>";
		};
		CF7B5B03269797E800B63D6B /* Login */ = {
			isa = PBXGroup;
			children = (
				CF7B5B042697980B00B63D6B /* LoginViewController.swift */,
			);
			path = Login;
			sourceTree = "<group>";
		};
		CF7B5B06269809CF00B63D6B /* Group */ = {
			isa = PBXGroup;
			children = (
				CF7B5B4E269AE51700B63D6B /* AllGroups */,
				CF7B5B0726980A3300B63D6B /* FavouriteGroup */,
				CF7B5B4C269AAB6800B63D6B /* GroupTableViewCell.swift */,
			);
			path = Group;
			sourceTree = "<group>";
		};
		CF7B5B0726980A3300B63D6B /* FavouriteGroup */ = {
			isa = PBXGroup;
			children = (
				CF7B5B0826980A9800B63D6B /* FavouriteGroupViewController.swift */,
			);
			path = FavouriteGroup;
			sourceTree = "<group>";
		};
		CF7B5B40269A286000B63D6B /* Models */ = {
			isa = PBXGroup;
			children = (
				CF7B5B43269A29D900B63D6B /* GroupModel.swift */,
				CF7B5B47269A345400B63D6B /* PeopleModel.swift */,
				CF7B5B66269FF16B00B63D6B /* FriendModel.swift */,
				CF7B5B68269FF2C000B63D6B /* PhotoModel.swift */,
			);
			path = Models;
			sourceTree = "<group>";
		};
		CF7B5B49269A3D2300B63D6B /* Repository */ = {
			isa = PBXGroup;
			children = (
				CF7B5B4A269A3D6A00B63D6B /* GroupStorage.swift */,
				CF7B5B6A269FF58000B63D6B /* FriendStorage.swift */,
			);
			path = Repository;
			sourceTree = "<group>";
		};
		CF7B5B4E269AE51700B63D6B /* AllGroups */ = {
			isa = PBXGroup;
			children = (
				CF7B5B4F269AE57300B63D6B /* AllGroupsViewController.swift */,
			);
			path = AllGroups;
			sourceTree = "<group>";
		};
		CF7B5B51269B018900B63D6B /* People */ = {
			isa = PBXGroup;
			children = (
				CF7B5B52269B024D00B63D6B /* PeopleViewController.swift */,
				CF7B5B54269B15CF00B63D6B /* PeopleCollectionViewCell.swift */,
			);
			path = People;
			sourceTree = "<group>";
		};
		CF7B5B62269F26D900B63D6B /* Friend */ = {
			isa = PBXGroup;
			children = (
				CF7A4E6F26A044D10047523E /* AllFriends */,
				CF7B5B63269F276100B63D6B /* FavouriteFriend */,
				CF7B5B6C26A0190900B63D6B /* FriendTableViewCell.swift */,
			);
			path = Friend;
			sourceTree = "<group>";
		};
		CF7B5B63269F276100B63D6B /* FavouriteFriend */ = {
			isa = PBXGroup;
			children = (
				CF7B5B64269F27C600B63D6B /* FavouriteFriendViewController.swift */,
			);
			path = FavouriteFriend;
			sourceTree = "<group>";
		};
/* End PBXGroup section */

/* Begin PBXNativeTarget section */
		CF7B5AE7269796EC00B63D6B /* VKontakteApp */ = {
			isa = PBXNativeTarget;
			buildConfigurationList = CF7B5AFC269796F300B63D6B /* Build configuration list for PBXNativeTarget "VKontakteApp" */;
			buildPhases = (
				CF7B5AE4269796EC00B63D6B /* Sources */,
				CF7B5AE5269796EC00B63D6B /* Frameworks */,
				CF7B5AE6269796EC00B63D6B /* Resources */,
			);
			buildRules = (
			);
			dependencies = (
			);
			name = VKontakteApp;
			productName = VKontakteApp;
			productReference = CF7B5AE8269796EC00B63D6B /* VKontakteApp.app */;
			productType = "com.apple.product-type.application";
		};
/* End PBXNativeTarget section */

/* Begin PBXProject section */
		CF7B5AE0269796EC00B63D6B /* Project object */ = {
			isa = PBXProject;
			attributes = {
				LastSwiftUpdateCheck = 1250;
				LastUpgradeCheck = 1250;
				TargetAttributes = {
					CF7B5AE7269796EC00B63D6B = {
						CreatedOnToolsVersion = 12.5;
					};
				};
			};
			buildConfigurationList = CF7B5AE3269796EC00B63D6B /* Build configuration list for PBXProject "VKontakteApp" */;
			compatibilityVersion = "Xcode 9.3";
			developmentRegion = en;
			hasScannedForEncodings = 0;
			knownRegions = (
				en,
				Base,
			);
			mainGroup = CF7B5ADF269796EC00B63D6B;
			productRefGroup = CF7B5AE9269796EC00B63D6B /* Products */;
			projectDirPath = "";
			projectRoot = "";
			targets = (
				CF7B5AE7269796EC00B63D6B /* VKontakteApp */,
			);
		};
/* End PBXProject section */

/* Begin PBXResourcesBuildPhase section */
		CF7B5AE6269796EC00B63D6B /* Resources */ = {
			isa = PBXResourcesBuildPhase;
			buildActionMask = 2147483647;
			files = (
				CF7B5AF8269796F300B63D6B /* LaunchScreen.storyboard in Resources */,
				CF7B5AF5269796F300B63D6B /* Assets.xcassets in Resources */,
				CF7B5AF3269796ED00B63D6B /* Main.storyboard in Resources */,
			);
			runOnlyForDeploymentPostprocessing = 0;
		};
/* End PBXResourcesBuildPhase section */

/* Begin PBXSourcesBuildPhase section */
		CF7B5AE4269796EC00B63D6B /* Sources */ = {
			isa = PBXSourcesBuildPhase;
			buildActionMask = 2147483647;
			files = (
				CF7B5B052697980B00B63D6B /* LoginViewController.swift in Sources */,
				CF7B5B4B269A3D6A00B63D6B /* GroupStorage.swift in Sources */,
				CF7A4E7C26A2820C0047523E /* LikeControl.swift in Sources */,
				CF7B5B65269F27C600B63D6B /* FavouriteFriendViewController.swift in Sources */,
				CF7B5B44269A29D900B63D6B /* GroupModel.swift in Sources */,
				CF7A4E7626A097370047523E /* PhotoCollectionViewCell.swift in Sources */,
				CF7B5B69269FF2C000B63D6B /* PhotoModel.swift in Sources */,
				CF7A4E7426A08E470047523E /* PhotoViewController.swift in Sources */,
				CF7B5B4D269AAB6900B63D6B /* GroupTableViewCell.swift in Sources */,
				CF7B5B50269AE57400B63D6B /* AllGroupsViewController.swift in Sources */,
				CF7B5B53269B024D00B63D6B /* PeopleViewController.swift in Sources */,
				CF7B5B6B269FF58000B63D6B /* FriendStorage.swift in Sources */,
				CF7B5B67269FF16C00B63D6B /* FriendModel.swift in Sources */,
				CF7B5AEC269796EC00B63D6B /* AppDelegate.swift in Sources */,
				CF7A4E7126A045840047523E /* AllFriendsViewController.swift in Sources */,
				CF7B5B0926980A9900B63D6B /* FavouriteGroupViewController.swift in Sources */,
				CF7B5B48269A345400B63D6B /* PeopleModel.swift in Sources */,
				CF7B5AEE269796EC00B63D6B /* SceneDelegate.swift in Sources */,
				CF7B5B55269B15CF00B63D6B /* PeopleCollectionViewCell.swift in Sources */,
				CF7B5B6D26A0190900B63D6B /* FriendTableViewCell.swift in Sources */,
			);
			runOnlyForDeploymentPostprocessing = 0;
		};
/* End PBXSourcesBuildPhase section */

/* Begin PBXVariantGroup section */
		CF7B5AF1269796ED00B63D6B /* Main.storyboard */ = {
			isa = PBXVariantGroup;
			children = (
				CF7B5AF2269796ED00B63D6B /* Base */,
			);
			name = Main.storyboard;
			sourceTree = "<group>";
		};
		CF7B5AF6269796F300B63D6B /* LaunchScreen.storyboard */ = {
			isa = PBXVariantGroup;
			children = (
				CF7B5AF7269796F300B63D6B /* Base */,
			);
			name = LaunchScreen.storyboard;
			sourceTree = "<group>";
		};
/* End PBXVariantGroup section */

/* Begin XCBuildConfiguration section */
		CF7B5AFA269796F300B63D6B /* Debug */ = {
			isa = XCBuildConfiguration;
			buildSettings = {
				ALWAYS_SEARCH_USER_PATHS = NO;
				CLANG_ANALYZER_NONNULL = YES;
				CLANG_ANALYZER_NUMBER_OBJECT_CONVERSION = YES_AGGRESSIVE;
				CLANG_CXX_LANGUAGE_STANDARD = "gnu++14";
				CLANG_CXX_LIBRARY = "libc++";
				CLANG_ENABLE_MODULES = YES;
				CLANG_ENABLE_OBJC_ARC = YES;
				CLANG_ENABLE_OBJC_WEAK = YES;
				CLANG_WARN_BLOCK_CAPTURE_AUTORELEASING = YES;
				CLANG_WARN_BOOL_CONVERSION = YES;
				CLANG_WARN_COMMA = YES;
				CLANG_WARN_CONSTANT_CONVERSION = YES;
				CLANG_WARN_DEPRECATED_OBJC_IMPLEMENTATIONS = YES;
				CLANG_WARN_DIRECT_OBJC_ISA_USAGE = YES_ERROR;
				CLANG_WARN_DOCUMENTATION_COMMENTS = YES;
				CLANG_WARN_EMPTY_BODY = YES;
				CLANG_WARN_ENUM_CONVERSION = YES;
				CLANG_WARN_INFINITE_RECURSION = YES;
				CLANG_WARN_INT_CONVERSION = YES;
				CLANG_WARN_NON_LITERAL_NULL_CONVERSION = YES;
				CLANG_WARN_OBJC_IMPLICIT_RETAIN_SELF = YES;
				CLANG_WARN_OBJC_LITERAL_CONVERSION = YES;
				CLANG_WARN_OBJC_ROOT_CLASS = YES_ERROR;
				CLANG_WARN_QUOTED_INCLUDE_IN_FRAMEWORK_HEADER = YES;
				CLANG_WARN_RANGE_LOOP_ANALYSIS = YES;
				CLANG_WARN_STRICT_PROTOTYPES = YES;
				CLANG_WARN_SUSPICIOUS_MOVE = YES;
				CLANG_WARN_UNGUARDED_AVAILABILITY = YES_AGGRESSIVE;
				CLANG_WARN_UNREACHABLE_CODE = YES;
				CLANG_WARN__DUPLICATE_METHOD_MATCH = YES;
				COPY_PHASE_STRIP = NO;
				DEBUG_INFORMATION_FORMAT = dwarf;
				ENABLE_STRICT_OBJC_MSGSEND = YES;
				ENABLE_TESTABILITY = YES;
				GCC_C_LANGUAGE_STANDARD = gnu11;
				GCC_DYNAMIC_NO_PIC = NO;
				GCC_NO_COMMON_BLOCKS = YES;
				GCC_OPTIMIZATION_LEVEL = 0;
				GCC_PREPROCESSOR_DEFINITIONS = (
					"DEBUG=1",
					"$(inherited)",
				);
				GCC_WARN_64_TO_32_BIT_CONVERSION = YES;
				GCC_WARN_ABOUT_RETURN_TYPE = YES_ERROR;
				GCC_WARN_UNDECLARED_SELECTOR = YES;
				GCC_WARN_UNINITIALIZED_AUTOS = YES_AGGRESSIVE;
				GCC_WARN_UNUSED_FUNCTION = YES;
				GCC_WARN_UNUSED_VARIABLE = YES;
				IPHONEOS_DEPLOYMENT_TARGET = 14.5;
				MTL_ENABLE_DEBUG_INFO = INCLUDE_SOURCE;
				MTL_FAST_MATH = YES;
				ONLY_ACTIVE_ARCH = YES;
				SDKROOT = iphoneos;
				SWIFT_ACTIVE_COMPILATION_CONDITIONS = DEBUG;
				SWIFT_OPTIMIZATION_LEVEL = "-Onone";
			};
			name = Debug;
		};
		CF7B5AFB269796F300B63D6B /* Release */ = {
			isa = XCBuildConfiguration;
			buildSettings = {
				ALWAYS_SEARCH_USER_PATHS = NO;
				CLANG_ANALYZER_NONNULL = YES;
				CLANG_ANALYZER_NUMBER_OBJECT_CONVERSION = YES_AGGRESSIVE;
				CLANG_CXX_LANGUAGE_STANDARD = "gnu++14";
				CLANG_CXX_LIBRARY = "libc++";
				CLANG_ENABLE_MODULES = YES;
				CLANG_ENABLE_OBJC_ARC = YES;
				CLANG_ENABLE_OBJC_WEAK = YES;
				CLANG_WARN_BLOCK_CAPTURE_AUTORELEASING = YES;
				CLANG_WARN_BOOL_CONVERSION = YES;
				CLANG_WARN_COMMA = YES;
				CLANG_WARN_CONSTANT_CONVERSION = YES;
				CLANG_WARN_DEPRECATED_OBJC_IMPLEMENTATIONS = YES;
				CLANG_WARN_DIRECT_OBJC_ISA_USAGE = YES_ERROR;
				CLANG_WARN_DOCUMENTATION_COMMENTS = YES;
				CLANG_WARN_EMPTY_BODY = YES;
				CLANG_WARN_ENUM_CONVERSION = YES;
				CLANG_WARN_INFINITE_RECURSION = YES;
				CLANG_WARN_INT_CONVERSION = YES;
				CLANG_WARN_NON_LITERAL_NULL_CONVERSION = YES;
				CLANG_WARN_OBJC_IMPLICIT_RETAIN_SELF = YES;
				CLANG_WARN_OBJC_LITERAL_CONVERSION = YES;
				CLANG_WARN_OBJC_ROOT_CLASS = YES_ERROR;
				CLANG_WARN_QUOTED_INCLUDE_IN_FRAMEWORK_HEADER = YES;
				CLANG_WARN_RANGE_LOOP_ANALYSIS = YES;
				CLANG_WARN_STRICT_PROTOTYPES = YES;
				CLANG_WARN_SUSPICIOUS_MOVE = YES;
				CLANG_WARN_UNGUARDED_AVAILABILITY = YES_AGGRESSIVE;
				CLANG_WARN_UNREACHABLE_CODE = YES;
				CLANG_WARN__DUPLICATE_METHOD_MATCH = YES;
				COPY_PHASE_STRIP = NO;
				DEBUG_INFORMATION_FORMAT = "dwarf-with-dsym";
				ENABLE_NS_ASSERTIONS = NO;
				ENABLE_STRICT_OBJC_MSGSEND = YES;
				GCC_C_LANGUAGE_STANDARD = gnu11;
				GCC_NO_COMMON_BLOCKS = YES;
				GCC_WARN_64_TO_32_BIT_CONVERSION = YES;
				GCC_WARN_ABOUT_RETURN_TYPE = YES_ERROR;
				GCC_WARN_UNDECLARED_SELECTOR = YES;
				GCC_WARN_UNINITIALIZED_AUTOS = YES_AGGRESSIVE;
				GCC_WARN_UNUSED_FUNCTION = YES;
				GCC_WARN_UNUSED_VARIABLE = YES;
				IPHONEOS_DEPLOYMENT_TARGET = 14.5;
				MTL_ENABLE_DEBUG_INFO = NO;
				MTL_FAST_MATH = YES;
				SDKROOT = iphoneos;
				SWIFT_COMPILATION_MODE = wholemodule;
				SWIFT_OPTIMIZATION_LEVEL = "-O";
				VALIDATE_PRODUCT = YES;
			};
			name = Release;
		};
		CF7B5AFD269796F300B63D6B /* Debug */ = {
			isa = XCBuildConfiguration;
			buildSettings = {
				ASSETCATALOG_COMPILER_APPICON_NAME = AppIcon;
				ASSETCATALOG_COMPILER_GLOBAL_ACCENT_COLOR_NAME = AccentColor;
				CODE_SIGN_STYLE = Automatic;
				DEVELOPMENT_TEAM = 8Q2M3J9J6V;
				INFOPLIST_FILE = VKontakteApp/Configuration/Info.plist;
				LD_RUNPATH_SEARCH_PATHS = (
					"$(inherited)",
					"@executable_path/Frameworks",
				);
				PRODUCT_BUNDLE_IDENTIFIER = com.OlgaChumakova.VKontakteApp;
				PRODUCT_NAME = "$(TARGET_NAME)";
				SWIFT_VERSION = 5.0;
				TARGETED_DEVICE_FAMILY = "1,2";
			};
			name = Debug;
		};
		CF7B5AFE269796F300B63D6B /* Release */ = {
			isa = XCBuildConfiguration;
			buildSettings = {
				ASSETCATALOG_COMPILER_APPICON_NAME = AppIcon;
				ASSETCATALOG_COMPILER_GLOBAL_ACCENT_COLOR_NAME = AccentColor;
				CODE_SIGN_STYLE = Automatic;
				DEVELOPMENT_TEAM = 8Q2M3J9J6V;
				INFOPLIST_FILE = VKontakteApp/Configuration/Info.plist;
				LD_RUNPATH_SEARCH_PATHS = (
					"$(inherited)",
					"@executable_path/Frameworks",
				);
				PRODUCT_BUNDLE_IDENTIFIER = com.OlgaChumakova.VKontakteApp;
				PRODUCT_NAME = "$(TARGET_NAME)";
				SWIFT_VERSION = 5.0;
				TARGETED_DEVICE_FAMILY = "1,2";
			};
			name = Release;
		};
/* End XCBuildConfiguration section */

/* Begin XCConfigurationList section */
		CF7B5AE3269796EC00B63D6B /* Build configuration list for PBXProject "VKontakteApp" */ = {
			isa = XCConfigurationList;
			buildConfigurations = (
				CF7B5AFA269796F300B63D6B /* Debug */,
				CF7B5AFB269796F300B63D6B /* Release */,
			);
			defaultConfigurationIsVisible = 0;
			defaultConfigurationName = Release;
		};
		CF7B5AFC269796F300B63D6B /* Build configuration list for PBXNativeTarget "VKontakteApp" */ = {
			isa = XCConfigurationList;
			buildConfigurations = (
				CF7B5AFD269796F300B63D6B /* Debug */,
				CF7B5AFE269796F300B63D6B /* Release */,
			);
			defaultConfigurationIsVisible = 0;
			defaultConfigurationName = Release;
		};
/* End XCConfigurationList section */
	};
	rootObject = CF7B5AE0269796EC00B63D6B /* Project object */;
}
